
Microsoft Visual Studio Solution File, Format Version 12.00
# Visual Studio Version 17
VisualStudioVersion = 17.8.34309.116
MinimumVisualStudioVersion = 10.0.40219.1
Project("{9A19103F-16F7-4668-BE54-9A1E7A4F7556}") = "BookStoreWeb", "BookStoreWeb\BookStoreWeb.csproj", "{21075D73-D136-415F-BE4B-21C6A4E27986}"
EndProject
Project("{9A19103F-16F7-4668-BE54-9A1E7A4F7556}") = "BookStoreRazor", "BookStoreRazor\BookStoreRazor.csproj", "{77ED1BD3-E86A-46FD-8664-21766C285E23}"
EndProject
Project("{9A19103F-16F7-4668-BE54-9A1E7A4F7556}") = "BookStore.Models", "BookStore.Models\BookStore.Models.csproj", "{C958B090-8C27-4072-96CB-15080E7353FA}"
EndProject
Project("{9A19103F-16F7-4668-BE54-9A1E7A4F7556}") = "BookStore.DataAccess", "BookStore.DataAccess\BookStore.DataAccess.csproj", "{12A73388-38B5-444A-826D-090FB3AD787E}"
EndProject
Project("{9A19103F-16F7-4668-BE54-9A1E7A4F7556}") = "BookStore.Utility", "BookStore.Utility\BookStore.Utility.csproj", "{484F5714-3B2B-455B-B8D7-CF0DD718FF07}"
EndProject
Project("{FAE04EC0-301F-11D3-BF4B-00C04F79EFBC}") = "BookStoreAPI", "BookStoreAPI\BookStoreAPI.csproj", "{AC95DF47-1C6B-4AD7-B942-B98689237773}"
EndProject
Global
	GlobalSection(SolutionConfigurationPlatforms) = preSolution
		Debug|Any CPU = Debug|Any CPU
		Release|Any CPU = Release|Any CPU
	EndGlobalSection
	GlobalSection(ProjectConfigurationPlatforms) = postSolution
		{21075D73-D136-415F-BE4B-21C6A4E27986}.Debug|Any CPU.ActiveCfg = Debug|Any CPU
		{21075D73-D136-415F-BE4B-21C6A4E27986}.Debug|Any CPU.Build.0 = Debug|Any CPU
		{21075D73-D136-415F-BE4B-21C6A4E27986}.Release|Any CPU.ActiveCfg = Release|Any CPU
		{21075D73-D136-415F-BE4B-21C6A4E27986}.Release|Any CPU.Build.0 = Release|Any CPU
		{77ED1BD3-E86A-46FD-8664-21766C285E23}.Debug|Any CPU.ActiveCfg = Debug|Any CPU
		{77ED1BD3-E86A-46FD-8664-21766C285E23}.Debug|Any CPU.Build.0 = Debug|Any CPU
		{77ED1BD3-E86A-46FD-8664-21766C285E23}.Release|Any CPU.ActiveCfg = Release|Any CPU
		{77ED1BD3-E86A-46FD-8664-21766C285E23}.Release|Any CPU.Build.0 = Release|Any CPU
		{C958B090-8C27-4072-96CB-15080E7353FA}.Debug|Any CPU.ActiveCfg = Debug|Any CPU
		{C958B090-8C27-4072-96CB-15080E7353FA}.Debug|Any CPU.Build.0 = Debug|Any CPU
		{C958B090-8C27-4072-96CB-15080E7353FA}.Release|Any CPU.ActiveCfg = Release|Any CPU
		{C958B090-8C27-4072-96CB-15080E7353FA}.Release|Any CPU.Build.0 = Release|Any CPU
		{12A73388-38B5-444A-826D-090FB3AD787E}.Debug|Any CPU.ActiveCfg = Debug|Any CPU
		{12A73388-38B5-444A-826D-090FB3AD787E}.Debug|Any CPU.Build.0 = Debug|Any CPU
		{12A73388-38B5-444A-826D-090FB3AD787E}.Release|Any CPU.ActiveCfg = Release|Any CPU
		{12A73388-38B5-444A-826D-090FB3AD787E}.Release|Any CPU.Build.0 = Release|Any CPU
		{484F5714-3B2B-455B-B8D7-CF0DD718FF07}.Debug|Any CPU.ActiveCfg = Debug|Any CPU
		{484F5714-3B2B-455B-B8D7-CF0DD718FF07}.Debug|Any CPU.Build.0 = Debug|Any CPU
		{484F5714-3B2B-455B-B8D7-CF0DD718FF07}.Release|Any CPU.ActiveCfg = Release|Any CPU
		{484F5714-3B2B-455B-B8D7-CF0DD718FF07}.Release|Any CPU.Build.0 = Release|Any CPU
		{AC95DF47-1C6B-4AD7-B942-B98689237773}.Debug|Any CPU.ActiveCfg = Debug|Any CPU
		{AC95DF47-1C6B-4AD7-B942-B98689237773}.Debug|Any CPU.Build.0 = Debug|Any CPU
		{AC95DF47-1C6B-4AD7-B942-B98689237773}.Release|Any CPU.ActiveCfg = Release|Any CPU
		{AC95DF47-1C6B-4AD7-B942-B98689237773}.Release|Any CPU.Build.0 = Release|Any CPU
	EndGlobalSection
	GlobalSection(SolutionProperties) = preSolution
		HideSolutionNode = FALSE
	EndGlobalSection
	GlobalSection(ExtensibilityGlobals) = postSolution
		SolutionGuid = {064EFA62-0D53-4A73-B37E-6764DB0BC0AD}
	EndGlobalSection
EndGlobal
