
Microsoft Visual Studio Solution File, Format Version 12.00
# Visual Studio Version 17
VisualStudioVersion = 17.8.34309.116
MinimumVisualStudioVersion = 10.0.40219.1
Project("{9A19103F-16F7-4668-BE54-9A1E7A4F7556}") = "BookStoreWeb", "BookStoreWeb\BookStoreWeb.csproj", "{21075D73-D136-415F-BE4B-21C6A4E27986}"
EndProject
Project("{FAE04EC0-301F-11D3-BF4B-00C04F79EFBC}") = "BookStoreRazor", "BookStoreRazor\BookStoreRazor.csproj", "{77ED1BD3-E86A-46FD-8664-21766C285E23}"
EndProject
Project("{FAE04EC0-301F-11D3-BF4B-00C04F79EFBC}") = "BookStoreDataAccess", "BookStoreDataAccess\BookStoreDataAccess.csproj", "{B4456EDE-9877-4DA3-8236-3F2141E1E5EF}"
EndProject
Project("{FAE04EC0-301F-11D3-BF4B-00C04F79EFBC}") = "BookStore.Models", "BookStore.Models\BookStore.Models.csproj", "{515C5635-6316-4395-8503-38EB0F382924}"
EndProject
Project("{FAE04EC0-301F-11D3-BF4B-00C04F79EFBC}") = "BookStoreUtility", "BookStoreUtility\BookStoreUtility.csproj", "{A133DF14-399E-429E-9813-563F4FC35914}"
EndProject
Global
	GlobalSection(SolutionConfigurationPlatforms) = preSolution
		Debug|Any CPU = Debug|Any CPU
		Release|Any CPU = Release|Any CPU
	EndGlobalSection
	GlobalSection(ProjectConfigurationPlatforms) = postSolution
		{21075D73-D136-415F-BE4B-21C6A4E27986}.Debug|Any CPU.ActiveCfg = Debug|Any CPU
		{21075D73-D136-415F-BE4B-21C6A4E27986}.Debug|Any CPU.Build.0 = Debug|Any CPU
		{21075D73-D136-415F-BE4B-21C6A4E27986}.Release|Any CPU.ActiveCfg = Release|Any CPU
		{21075D73-D136-415F-BE4B-21C6A4E27986}.Release|Any CPU.Build.0 = Release|Any CPU
		{77ED1BD3-E86A-46FD-8664-21766C285E23}.Debug|Any CPU.ActiveCfg = Debug|Any CPU
		{77ED1BD3-E86A-46FD-8664-21766C285E23}.Debug|Any CPU.Build.0 = Debug|Any CPU
		{77ED1BD3-E86A-46FD-8664-21766C285E23}.Release|Any CPU.ActiveCfg = Release|Any CPU
		{77ED1BD3-E86A-46FD-8664-21766C285E23}.Release|Any CPU.Build.0 = Release|Any CPU
		{B4456EDE-9877-4DA3-8236-3F2141E1E5EF}.Debug|Any CPU.ActiveCfg = Debug|Any CPU
		{B4456EDE-9877-4DA3-8236-3F2141E1E5EF}.Debug|Any CPU.Build.0 = Debug|Any CPU
		{B4456EDE-9877-4DA3-8236-3F2141E1E5EF}.Release|Any CPU.ActiveCfg = Release|Any CPU
		{B4456EDE-9877-4DA3-8236-3F2141E1E5EF}.Release|Any CPU.Build.0 = Release|Any CPU
		{515C5635-6316-4395-8503-38EB0F382924}.Debug|Any CPU.ActiveCfg = Debug|Any CPU
		{515C5635-6316-4395-8503-38EB0F382924}.Debug|Any CPU.Build.0 = Debug|Any CPU
		{515C5635-6316-4395-8503-38EB0F382924}.Release|Any CPU.ActiveCfg = Release|Any CPU
		{515C5635-6316-4395-8503-38EB0F382924}.Release|Any CPU.Build.0 = Release|Any CPU
		{A133DF14-399E-429E-9813-563F4FC35914}.Debug|Any CPU.ActiveCfg = Debug|Any CPU
		{A133DF14-399E-429E-9813-563F4FC35914}.Debug|Any CPU.Build.0 = Debug|Any CPU
		{A133DF14-399E-429E-9813-563F4FC35914}.Release|Any CPU.ActiveCfg = Release|Any CPU
		{A133DF14-399E-429E-9813-563F4FC35914}.Release|Any CPU.Build.0 = Release|Any CPU
	EndGlobalSection
	GlobalSection(SolutionProperties) = preSolution
		HideSolutionNode = FALSE
	EndGlobalSection
	GlobalSection(ExtensibilityGlobals) = postSolution
		SolutionGuid = {064EFA62-0D53-4A73-B37E-6764DB0BC0AD}
	EndGlobalSection
EndGlobal
